{
    "name": "zero-trust-vulnerable-app",
    "version": "1.0.0",
    "lockfileVersion": 3,
    "requires": true,
    "packages": {
      "": {
        "name": "zero-trust-vulnerable-app",
        "version": "1.0.0",
        "dependencies": {
          "useful-currency-utility": "^1.0.0"
        }
      },
      "node_modules/useful-currency-utility": {
        "version": "1.0.0",
        "resolved": "https://registry.npmjs.org/useful-currency-utility/-/useful-currency-utility-1.0.0.tgz",
        "integrity": "sha512-z4bExXvG3VnC8K2b4mS018XpA91Kbc5gPqM5A9uFpXhZkdL8N8XXXX=="
      }
    }
  }